
Microsoft Visual Studio Solution File, Format Version 12.00
# Visual Studio Version 17
VisualStudioVersion = 17.7.34221.43
MinimumVisualStudioVersion = 10.0.40219.1
Project("{FAE04EC0-301F-11D3-BF4B-00C04F79EFBC}") = "Ch7", "Ch7\Ch7.csproj", "{7AFEF964-F94B-45AA-836D-F0E138022659}"
EndProject
Global
	GlobalSection(SolutionConfigurationPlatforms) = preSolution
		Debug|Any CPU = Debug|Any CPU
		Release|Any CPU = Release|Any CPU
	EndGlobalSection
	GlobalSection(ProjectConfigurationPlatforms) = postSolution
		{7AFEF964-F94B-45AA-836D-F0E138022659}.Debug|Any CPU.ActiveCfg = Debug|Any CPU
		{7AFEF964-F94B-45AA-836D-F0E138022659}.Debug|Any CPU.Build.0 = Debug|Any CPU
		{7AFEF964-F94B-45AA-836D-F0E138022659}.Release|Any CPU.ActiveCfg = Release|Any CPU
		{7AFEF964-F94B-45AA-836D-F0E138022659}.Release|Any CPU.Build.0 = Release|Any CPU
	EndGlobalSection
	GlobalSection(SolutionProperties) = preSolution
		HideSolutionNode = FALSE
	EndGlobalSection
	GlobalSection(ExtensibilityGlobals) = postSolution
		SolutionGuid = {528E1D1E-1E75-4D09-A9B7-EDDC6459C88D}
	EndGlobalSection
EndGlobal
