
Microsoft Visual Studio Solution File, Format Version 12.00
# Visual Studio Version 17
VisualStudioVersion = 17.7.34221.43
MinimumVisualStudioVersion = 10.0.40219.1
Project("{FAE04EC0-301F-11D3-BF4B-00C04F79EFBC}") = "Practice_C_sharp", "Practice_C_sharp\Practice_C_sharp.csproj", "{A3478634-9A0F-46EE-8C5C-7242CE9252EC}"
EndProject
Global
	GlobalSection(SolutionConfigurationPlatforms) = preSolution
		Debug|Any CPU = Debug|Any CPU
		Release|Any CPU = Release|Any CPU
	EndGlobalSection
	GlobalSection(ProjectConfigurationPlatforms) = postSolution
		{A3478634-9A0F-46EE-8C5C-7242CE9252EC}.Debug|Any CPU.ActiveCfg = Debug|Any CPU
		{A3478634-9A0F-46EE-8C5C-7242CE9252EC}.Debug|Any CPU.Build.0 = Debug|Any CPU
		{A3478634-9A0F-46EE-8C5C-7242CE9252EC}.Release|Any CPU.ActiveCfg = Release|Any CPU
		{A3478634-9A0F-46EE-8C5C-7242CE9252EC}.Release|Any CPU.Build.0 = Release|Any CPU
	EndGlobalSection
	GlobalSection(SolutionProperties) = preSolution
		HideSolutionNode = FALSE
	EndGlobalSection
	GlobalSection(ExtensibilityGlobals) = postSolution
		SolutionGuid = {F6753CC3-1DB2-42A2-B744-91B09E47F1F0}
	EndGlobalSection
EndGlobal
